
Microsoft Visual Studio Solution File, Format Version 12.00
# Visual Studio Version 17
VisualStudioVersion = 17.10.35027.167
MinimumVisualStudioVersion = 10.0.40219.1
Project("{9A19103F-16F7-4668-BE54-9A1E7A4F7556}") = "PostsApp.API", "PostsApp.API\PostsApp.API.csproj", "{30F31ECF-C612-44A0-A8BF-B78F5D4666DC}"
EndProject
Project("{9A19103F-16F7-4668-BE54-9A1E7A4F7556}") = "PostsApp.Application", "PostsApp.Application\PostsApp.Application.csproj", "{862BF41C-7A0A-4562-B3BC-AEB808EE9D66}"
EndProject
Project("{9A19103F-16F7-4668-BE54-9A1E7A4F7556}") = "PostsApp.Domain", "PostsApp.Domain\PostsApp.Domain.csproj", "{21F22F21-2A65-49C1-89F6-09438DE2F928}"
EndProject
Project("{9A19103F-16F7-4668-BE54-9A1E7A4F7556}") = "PostsApp.Infrastructure", "PostsApp.Infrastructure\PostsApp.Infrastructure.csproj", "{AB5306D5-0174-4AC9-82AA-894512FAF399}"
EndProject
Global
	GlobalSection(SolutionConfigurationPlatforms) = preSolution
		Debug|Any CPU = Debug|Any CPU
		Release|Any CPU = Release|Any CPU
	EndGlobalSection
	GlobalSection(ProjectConfigurationPlatforms) = postSolution
		{30F31ECF-C612-44A0-A8BF-B78F5D4666DC}.Debug|Any CPU.ActiveCfg = Debug|Any CPU
		{30F31ECF-C612-44A0-A8BF-B78F5D4666DC}.Debug|Any CPU.Build.0 = Debug|Any CPU
		{30F31ECF-C612-44A0-A8BF-B78F5D4666DC}.Release|Any CPU.ActiveCfg = Release|Any CPU
		{30F31ECF-C612-44A0-A8BF-B78F5D4666DC}.Release|Any CPU.Build.0 = Release|Any CPU
		{862BF41C-7A0A-4562-B3BC-AEB808EE9D66}.Debug|Any CPU.ActiveCfg = Debug|Any CPU
		{862BF41C-7A0A-4562-B3BC-AEB808EE9D66}.Debug|Any CPU.Build.0 = Debug|Any CPU
		{862BF41C-7A0A-4562-B3BC-AEB808EE9D66}.Release|Any CPU.ActiveCfg = Release|Any CPU
		{862BF41C-7A0A-4562-B3BC-AEB808EE9D66}.Release|Any CPU.Build.0 = Release|Any CPU
		{21F22F21-2A65-49C1-89F6-09438DE2F928}.Debug|Any CPU.ActiveCfg = Debug|Any CPU
		{21F22F21-2A65-49C1-89F6-09438DE2F928}.Debug|Any CPU.Build.0 = Debug|Any CPU
		{21F22F21-2A65-49C1-89F6-09438DE2F928}.Release|Any CPU.ActiveCfg = Release|Any CPU
		{21F22F21-2A65-49C1-89F6-09438DE2F928}.Release|Any CPU.Build.0 = Release|Any CPU
		{AB5306D5-0174-4AC9-82AA-894512FAF399}.Debug|Any CPU.ActiveCfg = Debug|Any CPU
		{AB5306D5-0174-4AC9-82AA-894512FAF399}.Debug|Any CPU.Build.0 = Debug|Any CPU
		{AB5306D5-0174-4AC9-82AA-894512FAF399}.Release|Any CPU.ActiveCfg = Release|Any CPU
		{AB5306D5-0174-4AC9-82AA-894512FAF399}.Release|Any CPU.Build.0 = Release|Any CPU
	EndGlobalSection
	GlobalSection(SolutionProperties) = preSolution
		HideSolutionNode = FALSE
	EndGlobalSection
	GlobalSection(ExtensibilityGlobals) = postSolution
		SolutionGuid = {C8EEB55C-97FF-4290-93E9-D2AFA16DDF06}
	EndGlobalSection
EndGlobal
